
Microsoft Visual Studio Solution File, Format Version 12.00
# Visual Studio Version 17
VisualStudioVersion = 17.0.31912.275
MinimumVisualStudioVersion = 10.0.40219.1
Project("{FAE04EC0-301F-11D3-BF4B-00C04F79EFBC}") = "AddressBook", "AddressBook.csproj", "{7839D5C5-7ED3-417F-914C-2B9493C8DCB0}"
EndProject
Global
	GlobalSection(SolutionConfigurationPlatforms) = preSolution
		Debug|Any CPU = Debug|Any CPU
		Release|Any CPU = Release|Any CPU
	EndGlobalSection
	GlobalSection(ProjectConfigurationPlatforms) = postSolution
		{7839D5C5-7ED3-417F-914C-2B9493C8DCB0}.Debug|Any CPU.ActiveCfg = Debug|Any CPU
		{7839D5C5-7ED3-417F-914C-2B9493C8DCB0}.Debug|Any CPU.Build.0 = Debug|Any CPU
		{7839D5C5-7ED3-417F-914C-2B9493C8DCB0}.Release|Any CPU.ActiveCfg = Release|Any CPU
		{7839D5C5-7ED3-417F-914C-2B9493C8DCB0}.Release|Any CPU.Build.0 = Release|Any CPU
	EndGlobalSection
	GlobalSection(SolutionProperties) = preSolution
		HideSolutionNode = FALSE
	EndGlobalSection
	GlobalSection(ExtensibilityGlobals) = postSolution
		SolutionGuid = {3BD889DF-90F9-48BD-BD62-83E2393C9F27}
	EndGlobalSection
EndGlobal
